// !$*UTF8*$!
{
	archiveVersion = 1;
	classes = {
	};
	objectVersion = 54;
	objects = {

/* Begin PBXBuildFile section */
		FF0101010000000000000001 /* AgentDebugLogger.swift in Sources */ = {isa = PBXBuildFile; fileRef = FF0100010000000000000001 /* AgentDebugLogger.swift */; };
		FF0101010000000000000002 /* ContentView.swift in Sources */ = {isa = PBXBuildFile; fileRef = FF0100020000000000000002 /* ContentView.swift */; };
		FF0101010000000000000003 /* DebounceHelpers.swift in Sources */ = {isa = PBXBuildFile; fileRef = FF0100030000000000000003 /* DebounceHelpers.swift */; };
		FF0101010000000000000004 /* DrawOnGMaps2App.swift in Sources */ = {isa = PBXBuildFile; fileRef = FF0100040000000000000004 /* DrawOnGMaps2App.swift */; };
		FF0101010000000000000005 /* DrawingOverlayView.swift in Sources */ = {isa = PBXBuildFile; fileRef = FF0100050000000000000005 /* DrawingOverlayView.swift */; };
		FF0101010000000000000006 /* LocationManager.swift in Sources */ = {isa = PBXBuildFile; fileRef = FF0100060000000000000006 /* LocationManager.swift */; };
		FF0101010000000000000007 /* MapBridge.swift in Sources */ = {isa = PBXBuildFile; fileRef = FF0100070000000000000007 /* MapBridge.swift */; };
		FF0101010000000000000008 /* MapContainerView.swift in Sources */ = {isa = PBXBuildFile; fileRef = FF0100080000000000000008 /* MapContainerView.swift */; };
		FF0101010000000000000009 /* MapControlsView.swift in Sources */ = {isa = PBXBuildFile; fileRef = FF0100090000000000000009 /* MapControlsView.swift */; };
		FF010101000000000000000A /* PegmanView.swift in Sources */ = {isa = PBXBuildFile; fileRef = FF01000A000000000000000A /* PegmanView.swift */; };
		FF010101000000000000000B /* StreetViewBridge.swift in Sources */ = {isa = PBXBuildFile; fileRef = FF01000B000000000000000B /* StreetViewBridge.swift */; };
		FF010101000000000000000C /* StreetViewContainer.swift in Sources */ = {isa = PBXBuildFile; fileRef = FF01000C000000000000000C /* StreetViewContainer.swift */; };
		FF010101000000000000000D /* StreetViewControlsView.swift in Sources */ = {isa = PBXBuildFile; fileRef = FF01000D000000000000000D /* StreetViewControlsView.swift */; };
		FF010101000000000000000E /* StreetViewZoomController.swift in Sources */ = {isa = PBXBuildFile; fileRef = FF01000E000000000000000E /* StreetViewZoomController.swift */; };
		FF010101000000000000000F /* Assets.xcassets in Resources */ = {isa = PBXBuildFile; fileRef = FF01000F000000000000000F /* Assets.xcassets */; };
		FF30EE2D2F67615E00D71528 /* GoogleMaps in Frameworks */ = {isa = PBXBuildFile; productRef = FF30EE2C2F67615E00D71528 /* GoogleMaps */; };
/* End PBXBuildFile section */

/* Begin PBXFileReference section */
		FF0100010000000000000001 /* AgentDebugLogger.swift */ = {isa = PBXFileReference; fileEncoding = 4; lastKnownFileType = sourcecode.swift; path = AgentDebugLogger.swift; sourceTree = "<group>"; };
		FF0100020000000000000002 /* ContentView.swift */ = {isa = PBXFileReference; fileEncoding = 4; lastKnownFileType = sourcecode.swift; path = ContentView.swift; sourceTree = "<group>"; };
		FF0100030000000000000003 /* DebounceHelpers.swift */ = {isa = PBXFileReference; fileEncoding = 4; lastKnownFileType = sourcecode.swift; path = DebounceHelpers.swift; sourceTree = "<group>"; };
		FF0100040000000000000004 /* DrawOnGMaps2App.swift */ = {isa = PBXFileReference; fileEncoding = 4; lastKnownFileType = sourcecode.swift; path = DrawOnGMaps2App.swift; sourceTree = "<group>"; };
		FF0100050000000000000005 /* DrawingOverlayView.swift */ = {isa = PBXFileReference; fileEncoding = 4; lastKnownFileType = sourcecode.swift; path = DrawingOverlayView.swift; sourceTree = "<group>"; };
		FF0100060000000000000006 /* LocationManager.swift */ = {isa = PBXFileReference; fileEncoding = 4; lastKnownFileType = sourcecode.swift; path = LocationManager.swift; sourceTree = "<group>"; };
		FF0100070000000000000007 /* MapBridge.swift */ = {isa = PBXFileReference; fileEncoding = 4; lastKnownFileType = sourcecode.swift; path = MapBridge.swift; sourceTree = "<group>"; };
		FF0100080000000000000008 /* MapContainerView.swift */ = {isa = PBXFileReference; fileEncoding = 4; lastKnownFileType = sourcecode.swift; path = MapContainerView.swift; sourceTree = "<group>"; };
		FF0100090000000000000009 /* MapControlsView.swift */ = {isa = PBXFileReference; fileEncoding = 4; lastKnownFileType = sourcecode.swift; path = MapControlsView.swift; sourceTree = "<group>"; };
		FF01000A000000000000000A /* PegmanView.swift */ = {isa = PBXFileReference; fileEncoding = 4; lastKnownFileType = sourcecode.swift; path = PegmanView.swift; sourceTree = "<group>"; };
		FF01000B000000000000000B /* StreetViewBridge.swift */ = {isa = PBXFileReference; fileEncoding = 4; lastKnownFileType = sourcecode.swift; path = StreetViewBridge.swift; sourceTree = "<group>"; };
		FF01000C000000000000000C /* StreetViewContainer.swift */ = {isa = PBXFileReference; fileEncoding = 4; lastKnownFileType = sourcecode.swift; path = StreetViewContainer.swift; sourceTree = "<group>"; };
		FF01000D000000000000000D /* StreetViewControlsView.swift */ = {isa = PBXFileReference; fileEncoding = 4; lastKnownFileType = sourcecode.swift; path = StreetViewControlsView.swift; sourceTree = "<group>"; };
		FF01000E000000000000000E /* StreetViewZoomController.swift */ = {isa = PBXFileReference; fileEncoding = 4; lastKnownFileType = sourcecode.swift; path = StreetViewZoomController.swift; sourceTree = "<group>"; };
		FF01000F000000000000000F /* Assets.xcassets */ = {isa = PBXFileReference; lastKnownFileType = folder.assetcatalog; path = Assets.xcassets; sourceTree = "<group>"; };
		FFF3995C2F6745B900E8BA4D /* DrawOnGMaps2.app */ = {isa = PBXFileReference; explicitFileType = wrapper.application; includeInIndex = 0; path = DrawOnGMaps2.app; sourceTree = BUILT_PRODUCTS_DIR; };
		FFBEEFC02F68000000000000 /* Secrets.xcconfig */ = {isa = PBXFileReference; lastKnownFileType = text.xcconfig; name = Secrets.xcconfig; path = Config/Secrets.xcconfig; sourceTree = "<group>"; };
/* End PBXFileReference section */

/* Begin PBXFrameworksBuildPhase section */
		FFF399592F6745B900E8BA4D /* Frameworks */ = {
			isa = PBXFrameworksBuildPhase;
			buildActionMask = 2147483647;
			files = (
				FF30EE2D2F67615E00D71528 /* GoogleMaps in Frameworks */,
			);
			runOnlyForDeploymentPostprocessing = 0;
		};
/* End PBXFrameworksBuildPhase section */

/* Begin PBXGroup section */
		FFF399532F6745B900E8BA4D = {
			isa = PBXGroup;
			children = (
				FFBEEFC02F68000000000000 /* Secrets.xcconfig */,
				FFF3995E2F6745B900E8BA4D /* DrawOnGMaps2 */,
				FFF3995D2F6745B900E8BA4D /* Products */,
			);
			sourceTree = "<group>";
		};
		FFF3995D2F6745B900E8BA4D /* Products */ = {
			isa = PBXGroup;
			children = (
				FFF3995C2F6745B900E8BA4D /* DrawOnGMaps2.app */,
			);
			name = Products;
			sourceTree = "<group>";
		};
		FFF3995E2F6745B900E8BA4D /* DrawOnGMaps2 */ = {
			isa = PBXGroup;
			children = (
				FF01000F000000000000000F /* Assets.xcassets */,
				FF0100010000000000000001 /* AgentDebugLogger.swift */,
				FF0100020000000000000002 /* ContentView.swift */,
				FF0100030000000000000003 /* DebounceHelpers.swift */,
				FF0100040000000000000004 /* DrawOnGMaps2App.swift */,
				FF0100050000000000000005 /* DrawingOverlayView.swift */,
				FF0100060000000000000006 /* LocationManager.swift */,
				FF0100070000000000000007 /* MapBridge.swift */,
				FF0100080000000000000008 /* MapContainerView.swift */,
				FF0100090000000000000009 /* MapControlsView.swift */,
				FF01000A000000000000000A /* PegmanView.swift */,
				FF01000B000000000000000B /* StreetViewBridge.swift */,
				FF01000C000000000000000C /* StreetViewContainer.swift */,
				FF01000D000000000000000D /* StreetViewControlsView.swift */,
				FF01000E000000000000000E /* StreetViewZoomController.swift */,
			);
			path = DrawOnGMaps2;
			sourceTree = "<group>";
		};
/* End PBXGroup section */

/* Begin PBXNativeTarget section */
		FFF3995B2F6745B900E8BA4D /* DrawOnGMaps2 */ = {
			isa = PBXNativeTarget;
			buildConfigurationList = FFF399672F6745BA00E8BA4D /* Build configuration list for PBXNativeTarget "DrawOnGMaps2" */;
			buildPhases = (
				FFF399582F6745B900E8BA4D /* Sources */,
				FFF399592F6745B900E8BA4D /* Frameworks */,
				FFF3995A2F6745B900E8BA4D /* Resources */,
			);
			buildRules = (
			);
			dependencies = (
			);
			name = DrawOnGMaps2;
			packageProductDependencies = (
				FF30EE2C2F67615E00D71528 /* GoogleMaps */,
			);
			productName = DrawOnGMaps2;
			productReference = FFF3995C2F6745B900E8BA4D /* DrawOnGMaps2.app */;
			productType = "com.apple.product-type.application";
		};
/* End PBXNativeTarget section */

/* Begin PBXProject section */
		FFF399542F6745B900E8BA4D /* Project object */ = {
			isa = PBXProject;
			attributes = {
				BuildIndependentTargetsInParallel = 1;
				LastSwiftUpdateCheck = 1320;
				LastUpgradeCheck = 1320;
				TargetAttributes = {
					FFF3995B2F6745B900E8BA4D = {
						CreatedOnToolsVersion = 15.4;
					};
				};
			};
			buildConfigurationList = FFF399572F6745B900E8BA4D /* Build configuration list for PBXProject "DrawOnGMaps2" */;
			compatibilityVersion = "Xcode 13.0";
			developmentRegion = en;
			hasScannedForEncodings = 0;
			knownRegions = (
				en,
				Base,
			);
			mainGroup = FFF399532F6745B900E8BA4D;
			packageReferences = (
				FF30EE2B2F67615E00D71528 /* XCRemoteSwiftPackageReference "ios-maps-sdk" */,
			);
			productRefGroup = FFF3995D2F6745B900E8BA4D /* Products */;
			projectDirPath = "";
			projectRoot = "";
			targets = (
				FFF3995B2F6745B900E8BA4D /* DrawOnGMaps2 */,
			);
		};
/* End PBXProject section */

/* Begin PBXResourcesBuildPhase section */
		FFF3995A2F6745B900E8BA4D /* Resources */ = {
			isa = PBXResourcesBuildPhase;
			buildActionMask = 2147483647;
			files = (
				FF010101000000000000000F /* Assets.xcassets in Resources */,
			);
			runOnlyForDeploymentPostprocessing = 0;
		};
/* End PBXResourcesBuildPhase section */

/* Begin PBXSourcesBuildPhase section */
		FFF399582F6745B900E8BA4D /* Sources */ = {
			isa = PBXSourcesBuildPhase;
			buildActionMask = 2147483647;
			files = (
				FF0101010000000000000004 /* DrawOnGMaps2App.swift in Sources */,
				FF0101010000000000000002 /* ContentView.swift in Sources */,
				FF0101010000000000000001 /* AgentDebugLogger.swift in Sources */,
				FF0101010000000000000003 /* DebounceHelpers.swift in Sources */,
				FF0101010000000000000005 /* DrawingOverlayView.swift in Sources */,
				FF0101010000000000000006 /* LocationManager.swift in Sources */,
				FF0101010000000000000007 /* MapBridge.swift in Sources */,
				FF0101010000000000000008 /* MapContainerView.swift in Sources */,
				FF0101010000000000000009 /* MapControlsView.swift in Sources */,
				FF010101000000000000000A /* PegmanView.swift in Sources */,
				FF010101000000000000000B /* StreetViewBridge.swift in Sources */,
				FF010101000000000000000C /* StreetViewContainer.swift in Sources */,
				FF010101000000000000000D /* StreetViewControlsView.swift in Sources */,
				FF010101000000000000000E /* StreetViewZoomController.swift in Sources */,
			);
			runOnlyForDeploymentPostprocessing = 0;
		};
/* End PBXSourcesBuildPhase section */

/* Begin XCBuildConfiguration section */
		FFF399652F6745BA00E8BA4D /* Debug */ = {
			isa = XCBuildConfiguration;
			buildSettings = {
				ALWAYS_SEARCH_USER_PATHS = NO;
				ASSETCATALOG_COMPILER_GENERATE_SWIFT_ASSET_SYMBOL_EXTENSIONS = YES;
				CLANG_ANALYZER_NONNULL = YES;
				CLANG_ANALYZER_NUMBER_OBJECT_CONVERSION = YES_AGGRESSIVE;
				CLANG_CXX_LANGUAGE_STANDARD = "gnu++20";
				CLANG_ENABLE_MODULES = YES;
				CLANG_ENABLE_OBJC_ARC = YES;
				CLANG_ENABLE_OBJC_WEAK = YES;
				CLANG_WARN_BLOCK_CAPTURE_AUTORELEASING = YES;
				CLANG_WARN_BOOL_CONVERSION = YES;
				CLANG_WARN_COMMA = YES;
				CLANG_WARN_CONSTANT_CONVERSION = YES;
				CLANG_WARN_DEPRECATED_OBJC_IMPLEMENTATIONS = YES;
				CLANG_WARN_DIRECT_OBJC_ISA_USAGE = YES_ERROR;
				CLANG_WARN_DOCUMENTATION_COMMENTS = YES;
				CLANG_WARN_EMPTY_BODY = YES;
				CLANG_WARN_ENUM_CONVERSION = YES;
				CLANG_WARN_INFINITE_RECURSION = YES;
				CLANG_WARN_INT_CONVERSION = YES;
				CLANG_WARN_NON_LITERAL_NULL_CONVERSION = YES;
				CLANG_WARN_OBJC_IMPLICIT_RETAIN_SELF = YES;
				CLANG_WARN_OBJC_LITERAL_CONVERSION = YES;
				CLANG_WARN_OBJC_ROOT_CLASS = YES_ERROR;
				CLANG_WARN_QUOTED_INCLUDE_IN_FRAMEWORK_HEADER = YES;
				CLANG_WARN_RANGE_LOOP_ANALYSIS = YES;
				CLANG_WARN_STRICT_PROTOTYPES = YES;
				CLANG_WARN_SUSPICIOUS_MOVE = YES;
				CLANG_WARN_UNGUARDED_AVAILABILITY = YES_AGGRESSIVE;
				CLANG_WARN_UNREACHABLE_CODE = YES;
				CLANG_WARN__DUPLICATE_METHOD_MATCH = YES;
				COPY_PHASE_STRIP = NO;
				DEBUG_INFORMATION_FORMAT = dwarf;
				ENABLE_STRICT_OBJC_MSGSEND = YES;
				ENABLE_TESTABILITY = YES;
				GCC_C_LANGUAGE_STANDARD = gnu11;
				GCC_DYNAMIC_NO_PIC = NO;
				GCC_NO_COMMON_BLOCKS = YES;
				GCC_OPTIMIZATION_LEVEL = 0;
				GCC_PREPROCESSOR_DEFINITIONS = (
					"DEBUG=1",
					"$(inherited)",
				);
				GCC_WARN_64_TO_32_BIT_CONVERSION = YES;
				GCC_WARN_ABOUT_RETURN_TYPE = YES_ERROR;
				GCC_WARN_UNDECLARED_SELECTOR = YES;
				GCC_WARN_UNINITIALIZED_AUTOS = YES_AGGRESSIVE;
				GCC_WARN_UNUSED_FUNCTION = YES;
				GCC_WARN_UNUSED_VARIABLE = YES;
				IPHONEOS_DEPLOYMENT_TARGET = 17.6;
				MTL_ENABLE_DEBUG_INFO = INCLUDE_SOURCE;
				MTL_FAST_MATH = YES;
				ONLY_ACTIVE_ARCH = YES;
				SDKROOT = iphoneos;
				SWIFT_ACTIVE_COMPILATION_CONDITIONS = "DEBUG $(inherited)";
				SWIFT_OPTIMIZATION_LEVEL = "-Onone";
			};
			name = Debug;
		};
		FFF399662F6745BA00E8BA4D /* Release */ = {
			isa = XCBuildConfiguration;
			buildSettings = {
				ALWAYS_SEARCH_USER_PATHS = NO;
				ASSETCATALOG_COMPILER_GENERATE_SWIFT_ASSET_SYMBOL_EXTENSIONS = YES;
				CLANG_ANALYZER_NONNULL = YES;
				CLANG_ANALYZER_NUMBER_OBJECT_CONVERSION = YES_AGGRESSIVE;
				CLANG_CXX_LANGUAGE_STANDARD = "gnu++20";
				CLANG_ENABLE_MODULES = YES;
				CLANG_ENABLE_OBJC_ARC = YES;
				CLANG_ENABLE_OBJC_WEAK = YES;
				CLANG_WARN_BLOCK_CAPTURE_AUTORELEASING = YES;
				CLANG_WARN_BOOL_CONVERSION = YES;
				CLANG_WARN_COMMA = YES;
				CLANG_WARN_CONSTANT_CONVERSION = YES;
				CLANG_WARN_DEPRECATED_OBJC_IMPLEMENTATIONS = YES;
				CLANG_WARN_DIRECT_OBJC_ISA_USAGE = YES_ERROR;
				CLANG_WARN_DOCUMENTATION_COMMENTS = YES;
				CLANG_WARN_EMPTY_BODY = YES;
				CLANG_WARN_ENUM_CONVERSION = YES;
				CLANG_WARN_INFINITE_RECURSION = YES;
				CLANG_WARN_INT_CONVERSION = YES;
				CLANG_WARN_NON_LITERAL_NULL_CONVERSION = YES;
				CLANG_WARN_OBJC_IMPLICIT_RETAIN_SELF = YES;
				CLANG_WARN_OBJC_LITERAL_CONVERSION = YES;
				CLANG_WARN_OBJC_ROOT_CLASS = YES_ERROR;
				CLANG_WARN_QUOTED_INCLUDE_IN_FRAMEWORK_HEADER = YES;
				CLANG_WARN_RANGE_LOOP_ANALYSIS = YES;
				CLANG_WARN_STRICT_PROTOTYPES = YES;
				CLANG_WARN_SUSPICIOUS_MOVE = YES;
				CLANG_WARN_UNGUARDED_AVAILABILITY = YES_AGGRESSIVE;
				CLANG_WARN_UNREACHABLE_CODE = YES;
				CLANG_WARN__DUPLICATE_METHOD_MATCH = YES;
				COPY_PHASE_STRIP = NO;
				DEBUG_INFORMATION_FORMAT = "dwarf-with-dsym";
				ENABLE_NS_ASSERTIONS = NO;
				ENABLE_STRICT_OBJC_MSGSEND = YES;
				GCC_C_LANGUAGE_STANDARD = gnu11;
				GCC_NO_COMMON_BLOCKS = YES;
				GCC_WARN_64_TO_32_BIT_CONVERSION = YES;
				GCC_WARN_ABOUT_RETURN_TYPE = YES_ERROR;
				GCC_WARN_UNDECLARED_SELECTOR = YES;
				GCC_WARN_UNINITIALIZED_AUTOS = YES_AGGRESSIVE;
				GCC_WARN_UNUSED_FUNCTION = YES;
				GCC_WARN_UNUSED_VARIABLE = YES;
				IPHONEOS_DEPLOYMENT_TARGET = 17.6;
				MTL_ENABLE_DEBUG_INFO = NO;
				MTL_FAST_MATH = YES;
				SDKROOT = iphoneos;
				SWIFT_COMPILATION_MODE = wholemodule;
				SWIFT_OPTIMIZATION_LEVEL = "-O";
				VALIDATE_PRODUCT = YES;
			};
			name = Release;
		};
		FFF399682F6745BA00E8BA4D /* Debug */ = {
			isa = XCBuildConfiguration;
			baseConfigurationReference = FFBEEFC02F68000000000000 /* Secrets.xcconfig */;
			buildSettings = {
				ASSETCATALOG_COMPILER_APPICON_NAME = AppIcon;
				ASSETCATALOG_COMPILER_GLOBAL_ACCENT_COLOR_NAME = AccentColor;
				CODE_SIGN_STYLE = Automatic;
				CURRENT_PROJECT_VERSION = 1;
				DEVELOPMENT_TEAM = 7AB4Y6VPL7;
				ENABLE_PREVIEWS = YES;
				GENERATE_INFOPLIST_FILE = YES;
				INFOPLIST_KEY_GMSApiKey = "$(GOOGLE_MAPS_API_KEY)";
				INFOPLIST_KEY_NSLocationWhenInUseUsageDescription = "Your location is used to center the map and enter Street View near you.";
				INFOPLIST_KEY_UIApplicationSceneManifest_Generation = YES;
				INFOPLIST_KEY_UIApplicationSupportsIndirectInputEvents = YES;
				INFOPLIST_KEY_UILaunchScreen_Generation = YES;
				INFOPLIST_KEY_UISupportedInterfaceOrientations_iPad = "UIInterfaceOrientationPortrait UIInterfaceOrientationPortraitUpsideDown UIInterfaceOrientationLandscapeLeft UIInterfaceOrientationLandscapeRight";
				INFOPLIST_KEY_UISupportedInterfaceOrientations_iPhone = "UIInterfaceOrientationPortrait UIInterfaceOrientationLandscapeLeft UIInterfaceOrientationLandscapeRight";
				IPHONEOS_DEPLOYMENT_TARGET = 17.6;
				LD_RUNPATH_SEARCH_PATHS = (
					"$(inherited)",
					"@executable_path/Frameworks",
				);
				MARKETING_VERSION = 1.0;
				PRODUCT_BUNDLE_IDENTIFIER = "Users-cristianniculae-Projects-DrawOnGMaps2-ios.DrawOnGMaps2";
				PRODUCT_NAME = "$(TARGET_NAME)";
				STRING_CATALOG_GENERATE_SYMBOLS = YES;
				SWIFT_APPROACHABLE_CONCURRENCY = YES;
				SWIFT_DEFAULT_ACTOR_ISOLATION = MainActor;
				SWIFT_EMIT_LOC_STRINGS = YES;
				SWIFT_UPCOMING_FEATURE_MEMBER_IMPORT_VISIBILITY = YES;
				SWIFT_VERSION = 5.0;
				TARGETED_DEVICE_FAMILY = "1,2";
			};
			name = Debug;
		};
		FFF399692F6745BA00E8BA4D /* Release */ = {
			isa = XCBuildConfiguration;
			baseConfigurationReference = FFBEEFC02F68000000000000 /* Secrets.xcconfig */;
			buildSettings = {
				ASSETCATALOG_COMPILER_APPICON_NAME = AppIcon;
				ASSETCATALOG_COMPILER_GLOBAL_ACCENT_COLOR_NAME = AccentColor;
				CODE_SIGN_STYLE = Automatic;
				CURRENT_PROJECT_VERSION = 1;
				DEVELOPMENT_TEAM = 7AB4Y6VPL7;
				ENABLE_PREVIEWS = YES;
				GENERATE_INFOPLIST_FILE = YES;
				INFOPLIST_KEY_GMSApiKey = "$(GOOGLE_MAPS_API_KEY)";
				INFOPLIST_KEY_NSLocationWhenInUseUsageDescription = "Your location is used to center the map and enter Street View near you.";
				INFOPLIST_KEY_UIApplicationSceneManifest_Generation = YES;
				INFOPLIST_KEY_UIApplicationSupportsIndirectInputEvents = YES;
				INFOPLIST_KEY_UILaunchScreen_Generation = YES;
				INFOPLIST_KEY_UISupportedInterfaceOrientations_iPad = "UIInterfaceOrientationPortrait UIInterfaceOrientationPortraitUpsideDown UIInterfaceOrientationLandscapeLeft UIInterfaceOrientationLandscapeRight";
				INFOPLIST_KEY_UISupportedInterfaceOrientations_iPhone = "UIInterfaceOrientationPortrait UIInterfaceOrientationLandscapeLeft UIInterfaceOrientationLandscapeRight";
				IPHONEOS_DEPLOYMENT_TARGET = 17.6;
				LD_RUNPATH_SEARCH_PATHS = (
					"$(inherited)",
					"@executable_path/Frameworks",
				);
				MARKETING_VERSION = 1.0;
				PRODUCT_BUNDLE_IDENTIFIER = "Users-cristianniculae-Projects-DrawOnGMaps2-ios.DrawOnGMaps2";
				PRODUCT_NAME = "$(TARGET_NAME)";
				STRING_CATALOG_GENERATE_SYMBOLS = YES;
				SWIFT_APPROACHABLE_CONCURRENCY = YES;
				SWIFT_DEFAULT_ACTOR_ISOLATION = MainActor;
				SWIFT_EMIT_LOC_STRINGS = YES;
				SWIFT_UPCOMING_FEATURE_MEMBER_IMPORT_VISIBILITY = YES;
				SWIFT_VERSION = 5.0;
				TARGETED_DEVICE_FAMILY = "1,2";
			};
			name = Release;
		};
/* End XCBuildConfiguration section */

/* Begin XCConfigurationList section */
		FFF399572F6745B900E8BA4D /* Build configuration list for PBXProject "DrawOnGMaps2" */ = {
			isa = XCConfigurationList;
			buildConfigurations = (
				FFF399652F6745BA00E8BA4D /* Debug */,
				FFF399662F6745BA00E8BA4D /* Release */,
			);
			defaultConfigurationIsVisible = 0;
			defaultConfigurationName = Release;
		};
		FFF399672F6745BA00E8BA4D /* Build configuration list for PBXNativeTarget "DrawOnGMaps2" */ = {
			isa = XCConfigurationList;
			buildConfigurations = (
				FFF399682F6745BA00E8BA4D /* Debug */,
				FFF399692F6745BA00E8BA4D /* Release */,
			);
			defaultConfigurationIsVisible = 0;
			defaultConfigurationName = Release;
		};
/* End XCConfigurationList section */

/* Begin XCRemoteSwiftPackageReference section */
		FF30EE2B2F67615E00D71528 /* XCRemoteSwiftPackageReference "ios-maps-sdk" */ = {
			isa = XCRemoteSwiftPackageReference;
			repositoryURL = "https://github.com/googlemaps/ios-maps-sdk";
			requirement = {
				kind = upToNextMajorVersion;
				minimumVersion = 10.10.0;
			};
		};
/* End XCRemoteSwiftPackageReference section */

/* Begin XCSwiftPackageProductDependency section */
		FF30EE2C2F67615E00D71528 /* GoogleMaps */ = {
			isa = XCSwiftPackageProductDependency;
			package = FF30EE2B2F67615E00D71528 /* XCRemoteSwiftPackageReference "ios-maps-sdk" */;
			productName = GoogleMaps;
		};
/* End XCSwiftPackageProductDependency section */
	};
	rootObject = FFF399542F6745B900E8BA4D /* Project object */;
}
